{
  "name": "wizard-tracker",
  "version": "1.13.10",
  "lockfileVersion": 3,
  "requires": true,
  "packages": {
    "": {
      "name": "wizard-tracker",
      "version": "1.13.10",
      "hasInstallScript": true,
      "license": "MIT",
      "engines": {
        "node": ">=18.0.0"
      }
    }
  }
}
